
Microsoft Visual Studio Solution File, Format Version 12.00
# Visual Studio Version 17
VisualStudioVersion = 17.7.34031.279
MinimumVisualStudioVersion = 10.0.40219.1
Project("{FAE04EC0-301F-11D3-BF4B-00C04F79EFBC}") = "RemoteDesktop1", "RemoteDesktop1.csproj", "{267F1716-126E-4179-8EAF-C6148F244C80}"
EndProject
Global
	GlobalSection(SolutionConfigurationPlatforms) = preSolution
		Debug|Any CPU = Debug|Any CPU
		Release|Any CPU = Release|Any CPU
	EndGlobalSection
	GlobalSection(ProjectConfigurationPlatforms) = postSolution
		{267F1716-126E-4179-8EAF-C6148F244C80}.Debug|Any CPU.ActiveCfg = Debug|Any CPU
		{267F1716-126E-4179-8EAF-C6148F244C80}.Debug|Any CPU.Build.0 = Debug|Any CPU
		{267F1716-126E-4179-8EAF-C6148F244C80}.Release|Any CPU.ActiveCfg = Release|Any CPU
		{267F1716-126E-4179-8EAF-C6148F244C80}.Release|Any CPU.Build.0 = Release|Any CPU
	EndGlobalSection
	GlobalSection(SolutionProperties) = preSolution
		HideSolutionNode = FALSE
	EndGlobalSection
	GlobalSection(ExtensibilityGlobals) = postSolution
		SolutionGuid = {4EE96451-7C04-433A-AB03-D39AF9463D4A}
	EndGlobalSection
EndGlobal
